
Microsoft Visual Studio Solution File, Format Version 11.00
# Visual Studio 2010
Project("{E24C65DC-7377-472B-9ABA-BC803B73C61A}") = "pww-html-gui - Simple", ".", "{F8C628FF-74DB-49F1-8F36-E14CFF97852A}"
	ProjectSection(WebsiteProperties) = preProject
		TargetFrameworkMoniker = ".NETFramework,Version%3Dv4.0"
		Debug.AspNetCompiler.VirtualPath = "/pww-html-gui - Simple"
		Debug.AspNetCompiler.PhysicalPath = "D:\Ramesh\prjs\pww-html-gui - Simple\"
		Debug.AspNetCompiler.TargetPath = "PrecompiledWeb\pww-html-gui - Simple\"
		Debug.AspNetCompiler.Updateable = "true"
		Debug.AspNetCompiler.ForceOverwrite = "true"
		Debug.AspNetCompiler.FixedNames = "false"
		Debug.AspNetCompiler.Debug = "True"
		Release.AspNetCompiler.VirtualPath = "/pww-html-gui - Simple"
		Release.AspNetCompiler.PhysicalPath = "D:\Ramesh\prjs\pww-html-gui - Simple\"
		Release.AspNetCompiler.TargetPath = "PrecompiledWeb\pww-html-gui - Simple\"
		Release.AspNetCompiler.Updateable = "true"
		Release.AspNetCompiler.ForceOverwrite = "true"
		Release.AspNetCompiler.FixedNames = "false"
		Release.AspNetCompiler.Debug = "False"
		VWDPort = "55569"
	EndProjectSection
EndProject
Global
	GlobalSection(SolutionConfigurationPlatforms) = preSolution
		Debug|Any CPU = Debug|Any CPU
	EndGlobalSection
	GlobalSection(ProjectConfigurationPlatforms) = postSolution
		{F8C628FF-74DB-49F1-8F36-E14CFF97852A}.Debug|Any CPU.ActiveCfg = Debug|Any CPU
		{F8C628FF-74DB-49F1-8F36-E14CFF97852A}.Debug|Any CPU.Build.0 = Debug|Any CPU
	EndGlobalSection
	GlobalSection(SolutionProperties) = preSolution
		HideSolutionNode = FALSE
	EndGlobalSection
EndGlobal
