
Microsoft Visual Studio Solution File, Format Version 11.00
# Visual Studio 2010
Project("{E24C65DC-7377-472B-9ABA-BC803B73C61A}") = "pww-html-gui", ".", "{E3243803-65AD-4AB1-860D-C35F43FC844A}"
	ProjectSection(WebsiteProperties) = preProject
		TargetFrameworkMoniker = ".NETFramework,Version%3Dv4.0"
		Debug.AspNetCompiler.VirtualPath = "/pww-html-gui"
		Debug.AspNetCompiler.PhysicalPath = "D:\Ramesh\prjs\pww-html-gui\"
		Debug.AspNetCompiler.TargetPath = "PrecompiledWeb\pww-html-gui\"
		Debug.AspNetCompiler.Updateable = "true"
		Debug.AspNetCompiler.ForceOverwrite = "true"
		Debug.AspNetCompiler.FixedNames = "false"
		Debug.AspNetCompiler.Debug = "True"
		Release.AspNetCompiler.VirtualPath = "/pww-html-gui"
		Release.AspNetCompiler.PhysicalPath = "D:\Ramesh\prjs\pww-html-gui\"
		Release.AspNetCompiler.TargetPath = "PrecompiledWeb\pww-html-gui\"
		Release.AspNetCompiler.Updateable = "true"
		Release.AspNetCompiler.ForceOverwrite = "true"
		Release.AspNetCompiler.FixedNames = "false"
		Release.AspNetCompiler.Debug = "False"
		VWDPort = "51759"
	EndProjectSection
EndProject
Global
	GlobalSection(SolutionConfigurationPlatforms) = preSolution
		Debug|Any CPU = Debug|Any CPU
	EndGlobalSection
	GlobalSection(ProjectConfigurationPlatforms) = postSolution
		{E3243803-65AD-4AB1-860D-C35F43FC844A}.Debug|Any CPU.ActiveCfg = Debug|Any CPU
		{E3243803-65AD-4AB1-860D-C35F43FC844A}.Debug|Any CPU.Build.0 = Debug|Any CPU
	EndGlobalSection
	GlobalSection(SolutionProperties) = preSolution
		HideSolutionNode = FALSE
	EndGlobalSection
EndGlobal
