
Microsoft Visual Studio Solution File, Format Version 11.00
# Visual Web Developer Express 2010
Project("{E24C65DC-7377-472B-9ABA-BC803B73C61A}") = "adpp", "..\..\..\adplusplus\prj\adpp\", "{C388BE89-F927-4BC3-83ED-AC13DF1D72D0}"
	ProjectSection(WebsiteProperties) = preProject
		TargetFrameworkMoniker = ".NETFramework,Version%3Dv4.0"
		Debug.AspNetCompiler.VirtualPath = "/adpp"
		Debug.AspNetCompiler.PhysicalPath = "..\..\..\adplusplus\prj\adpp\"
		Debug.AspNetCompiler.TargetPath = "PrecompiledWeb\adpp\"
		Debug.AspNetCompiler.Updateable = "true"
		Debug.AspNetCompiler.ForceOverwrite = "true"
		Debug.AspNetCompiler.FixedNames = "false"
		Debug.AspNetCompiler.Debug = "True"
		Release.AspNetCompiler.VirtualPath = "/adpp"
		Release.AspNetCompiler.PhysicalPath = "..\..\..\adplusplus\prj\adpp\"
		Release.AspNetCompiler.TargetPath = "PrecompiledWeb\adpp\"
		Release.AspNetCompiler.Updateable = "true"
		Release.AspNetCompiler.ForceOverwrite = "true"
		Release.AspNetCompiler.FixedNames = "false"
		Release.AspNetCompiler.Debug = "False"
		VWDPort = "1224"
		DefaultWebSiteLanguage = "Visual C#"
	EndProjectSection
EndProject
Global
	GlobalSection(SolutionConfigurationPlatforms) = preSolution
		Debug|Any CPU = Debug|Any CPU
	EndGlobalSection
	GlobalSection(ProjectConfigurationPlatforms) = postSolution
		{C388BE89-F927-4BC3-83ED-AC13DF1D72D0}.Debug|Any CPU.ActiveCfg = Debug|Any CPU
		{C388BE89-F927-4BC3-83ED-AC13DF1D72D0}.Debug|Any CPU.Build.0 = Debug|Any CPU
	EndGlobalSection
	GlobalSection(SolutionProperties) = preSolution
		HideSolutionNode = FALSE
	EndGlobalSection
EndGlobal
