<?xml version="1.0" encoding="utf-8"?>
<Project ToolsVersion="4.0" xmlns="http://schemas.microsoft.com/developer/msbuild/2003">
  <ItemGroup>
    <Filter Include="Source Files">
      <UniqueIdentifier>{ba63cd51-9a0f-4a24-b4ed-6586c497df08}</UniqueIdentifier>
      <Extensions>cpp;c;cxx;rc;def;r;odl;idl;hpj;bat</Extensions>
    </Filter>
    <Filter Include="Header Files">
      <UniqueIdentifier>{3710a4f9-dc92-490c-ba02-af2ac32d69bb}</UniqueIdentifier>
      <Extensions>h;hpp;hxx;hm;inl</Extensions>
    </Filter>
    <Filter Include="Resource Files">
      <UniqueIdentifier>{04fc9d86-0751-4e87-a35e-2e5277b43e97}</UniqueIdentifier>
      <Extensions>ico;cur;bmp;dlg;rc2;rct;bin;rgs;gif;jpg;jpeg;jpe</Extensions>
    </Filter>
  </ItemGroup>
  <ItemGroup>
    <ClCompile Include="nsWebBrowserChrome.cpp">
      <Filter>Source Files</Filter>
    </ClCompile>
    <ClCompile Include="rvDOMEventListener.cpp">
      <Filter>Source Files</Filter>
    </ClCompile>
    <ClCompile Include="rvFormWindow.cpp">
      <Filter>Source Files</Filter>
    </ClCompile>
    <ClCompile Include="rvMainWindow.cpp">
      <Filter>Source Files</Filter>
    </ClCompile>
    <ClCompile Include="rvMyMozApp.cpp">
      <Filter>Source Files</Filter>
    </ClCompile>
    <ClCompile Include="rvOpenURL.cpp">
      <Filter>Source Files</Filter>
    </ClCompile>
    <ClCompile Include="rvParentWindow.cpp">
      <Filter>Source Files</Filter>
    </ClCompile>
    <ClCompile Include="rvRuleBase.cpp">
      <Filter>Source Files</Filter>
    </ClCompile>
    <ClCompile Include="rvRuleCreator.cpp">
      <Filter>Source Files</Filter>
    </ClCompile>
    <ClCompile Include="rvRuleProcessor.cpp">
      <Filter>Source Files</Filter>
    </ClCompile>
    <ClCompile Include="rvRuleRenderer.cpp">
      <Filter>Source Files</Filter>
    </ClCompile>
    <ClCompile Include="rvRulesCollection.cpp">
      <Filter>Source Files</Filter>
    </ClCompile>
    <ClCompile Include="rvRulesDefines.cpp">
      <Filter>Source Files</Filter>
    </ClCompile>
    <ClCompile Include="rvRuleSetProcessor.cpp">
      <Filter>Source Files</Filter>
    </ClCompile>
    <ClCompile Include="rvRulesProcessor.cpp">
      <Filter>Source Files</Filter>
    </ClCompile>
    <ClCompile Include="rvWindowCreator.cpp">
      <Filter>Source Files</Filter>
    </ClCompile>
    <ClCompile Include="rvWinMain.cpp">
      <Filter>Source Files</Filter>
    </ClCompile>
    <ClCompile Include="rvXmlDocument.cpp">
      <Filter>Source Files</Filter>
    </ClCompile>
  </ItemGroup>
  <ItemGroup>
    <ResourceCompile Include="viewer.rc">
      <Filter>Source Files</Filter>
    </ResourceCompile>
  </ItemGroup>
  <ItemGroup>
    <ClInclude Include="nsWebBrowserChrome.h">
      <Filter>Header Files</Filter>
    </ClInclude>
    <ClInclude Include="nsWidgetSupport.h">
      <Filter>Header Files</Filter>
    </ClInclude>
    <ClInclude Include="resource.h">
      <Filter>Header Files</Filter>
    </ClInclude>
    <ClInclude Include="rvDOMEventListener.h">
      <Filter>Header Files</Filter>
    </ClInclude>
    <ClInclude Include="rvFileLogger.h">
      <Filter>Header Files</Filter>
    </ClInclude>
    <ClInclude Include="rvFormWindow.h">
      <Filter>Header Files</Filter>
    </ClInclude>
    <ClInclude Include="rvMainWindow.h">
      <Filter>Header Files</Filter>
    </ClInclude>
    <ClInclude Include="rvMyMozApp.h">
      <Filter>Header Files</Filter>
    </ClInclude>
    <ClInclude Include="rvOpenURL.h">
      <Filter>Header Files</Filter>
    </ClInclude>
    <ClInclude Include="rvParentWindow.h">
      <Filter>Header Files</Filter>
    </ClInclude>
    <ClInclude Include="rvRuleBase.h">
      <Filter>Header Files</Filter>
    </ClInclude>
    <ClInclude Include="rvRuleCreator.h">
      <Filter>Header Files</Filter>
    </ClInclude>
    <ClInclude Include="rvRuleProcessor.h">
      <Filter>Header Files</Filter>
    </ClInclude>
    <ClInclude Include="rvRuleRenderer.h">
      <Filter>Header Files</Filter>
    </ClInclude>
    <ClInclude Include="rvRuleResult.h">
      <Filter>Header Files</Filter>
    </ClInclude>
    <ClInclude Include="rvRulesCollection.h">
      <Filter>Header Files</Filter>
    </ClInclude>
    <ClInclude Include="rvRulesDefines.h">
      <Filter>Header Files</Filter>
    </ClInclude>
    <ClInclude Include="rvRuleSetProcessor.h">
      <Filter>Header Files</Filter>
    </ClInclude>
    <ClInclude Include="rvRulesProcessor.h">
      <Filter>Header Files</Filter>
    </ClInclude>
    <ClInclude Include="rvWindowCreator.h">
      <Filter>Header Files</Filter>
    </ClInclude>
    <ClInclude Include="rvXmlDocument.h">
      <Filter>Header Files</Filter>
    </ClInclude>
    <ClInclude Include="rvXPCOMIDs.h">
      <Filter>Header Files</Filter>
    </ClInclude>
  </ItemGroup>
  <ItemGroup>
    <CustomBuild Include="cursor1.cur">
      <Filter>Resource Files</Filter>
    </CustomBuild>
  </ItemGroup>
</Project>