
Microsoft Visual Studio Solution File, Format Version 11.00
# Visual Web Developer Express 2010
Project("{E24C65DC-7377-472B-9ABA-BC803B73C61A}") = "adpp_client1", "..\..\..\adplusplus\prj\adpp_client1\", "{CC6DA844-060E-491E-942D-84361D883FAC}"
	ProjectSection(WebsiteProperties) = preProject
		TargetFrameworkMoniker = ".NETFramework,Version%3Dv4.0"
		Debug.AspNetCompiler.VirtualPath = "/adpp_client1"
		Debug.AspNetCompiler.PhysicalPath = "..\..\..\adplusplus\prj\adpp_client1\"
		Debug.AspNetCompiler.TargetPath = "PrecompiledWeb\adpp_client1\"
		Debug.AspNetCompiler.Updateable = "true"
		Debug.AspNetCompiler.ForceOverwrite = "true"
		Debug.AspNetCompiler.FixedNames = "false"
		Debug.AspNetCompiler.Debug = "True"
		Release.AspNetCompiler.VirtualPath = "/adpp_client1"
		Release.AspNetCompiler.PhysicalPath = "..\..\..\adplusplus\prj\adpp_client1\"
		Release.AspNetCompiler.TargetPath = "PrecompiledWeb\adpp_client1\"
		Release.AspNetCompiler.Updateable = "true"
		Release.AspNetCompiler.ForceOverwrite = "true"
		Release.AspNetCompiler.FixedNames = "false"
		Release.AspNetCompiler.Debug = "False"
		VWDPort = "1225"
		DefaultWebSiteLanguage = "Visual C#"
	EndProjectSection
EndProject
Global
	GlobalSection(SolutionConfigurationPlatforms) = preSolution
		Debug|Any CPU = Debug|Any CPU
	EndGlobalSection
	GlobalSection(ProjectConfigurationPlatforms) = postSolution
		{CC6DA844-060E-491E-942D-84361D883FAC}.Debug|Any CPU.ActiveCfg = Debug|Any CPU
		{CC6DA844-060E-491E-942D-84361D883FAC}.Debug|Any CPU.Build.0 = Debug|Any CPU
	EndGlobalSection
	GlobalSection(SolutionProperties) = preSolution
		HideSolutionNode = FALSE
	EndGlobalSection
EndGlobal
