
Microsoft Visual Studio Solution File, Format Version 11.00
# Visual Studio 2010
Project("{E24C65DC-7377-472B-9ABA-BC803B73C61A}") = "adpubsub", ".", "{02AAF66C-74F5-4EEF-A6D7-CA6B9D6F59A1}"
	ProjectSection(WebsiteProperties) = preProject
		TargetFrameworkMoniker = ".NETFramework,Version%3Dv4.0"
		Debug.AspNetCompiler.VirtualPath = "/adpubsub"
		Debug.AspNetCompiler.PhysicalPath = "D:\Ramesh\adplusplus\dotnetprj\adpubsub\"
		Debug.AspNetCompiler.TargetPath = "PrecompiledWeb\adpubsub\"
		Debug.AspNetCompiler.Updateable = "true"
		Debug.AspNetCompiler.ForceOverwrite = "true"
		Debug.AspNetCompiler.FixedNames = "false"
		Debug.AspNetCompiler.Debug = "True"
		Release.AspNetCompiler.VirtualPath = "/adpubsub"
		Release.AspNetCompiler.PhysicalPath = "D:\Ramesh\adplusplus\dotnetprj\adpubsub\"
		Release.AspNetCompiler.TargetPath = "PrecompiledWeb\adpubsub\"
		Release.AspNetCompiler.Updateable = "true"
		Release.AspNetCompiler.ForceOverwrite = "true"
		Release.AspNetCompiler.FixedNames = "false"
		Release.AspNetCompiler.Debug = "False"
		VWDPort = "49378"
	EndProjectSection
EndProject
Global
	GlobalSection(SolutionConfigurationPlatforms) = preSolution
		Debug|Any CPU = Debug|Any CPU
	EndGlobalSection
	GlobalSection(ProjectConfigurationPlatforms) = postSolution
		{02AAF66C-74F5-4EEF-A6D7-CA6B9D6F59A1}.Debug|Any CPU.ActiveCfg = Debug|Any CPU
		{02AAF66C-74F5-4EEF-A6D7-CA6B9D6F59A1}.Debug|Any CPU.Build.0 = Debug|Any CPU
	EndGlobalSection
	GlobalSection(SolutionProperties) = preSolution
		HideSolutionNode = FALSE
	EndGlobalSection
EndGlobal
